// !$*UTF8*$!
{
	archiveVersion = 1;
	classes = {
	};
	objectVersion = 55;
	objects = {

/* Begin PBXBuildFile section */
		3FB841273FFE09DC52F124C0 /* Pods_MinionTeam.framework in Frameworks */ = {isa = PBXBuildFile; fileRef = 9E846DB87AF0A291C770B98A /* Pods_MinionTeam.framework */; };
		FA12DC7D28227D26003C612B /* FriendsTableViewController.swift in Sources */ = {isa = PBXBuildFile; fileRef = FA12DC7C28227D26003C612B /* FriendsTableViewController.swift */; };
		FA12DC7F28227DD1003C612B /* PhotoCollectionViewController.swift in Sources */ = {isa = PBXBuildFile; fileRef = FA12DC7E28227DD1003C612B /* PhotoCollectionViewController.swift */; };
		FA12DC8128227E52003C612B /* MyGroupsTableViewController.swift in Sources */ = {isa = PBXBuildFile; fileRef = FA12DC8028227E52003C612B /* MyGroupsTableViewController.swift */; };
		FA12DC8328227E75003C612B /* MoreGroupsTableViewController.swift in Sources */ = {isa = PBXBuildFile; fileRef = FA12DC8228227E75003C612B /* MoreGroupsTableViewController.swift */; };
		FA2CD167285B5F16005FE96A /* ServiceVK.swift in Sources */ = {isa = PBXBuildFile; fileRef = FA2CD166285B5F16005FE96A /* ServiceVK.swift */; };
		FA2DDDF9282FE872009F4964 /* CustomCollectionViewCell.swift in Sources */ = {isa = PBXBuildFile; fileRef = FA2DDDF7282FE872009F4964 /* CustomCollectionViewCell.swift */; };
		FA2DDDFA282FE872009F4964 /* CustomCollectionViewCell.xib in Resources */ = {isa = PBXBuildFile; fileRef = FA2DDDF8282FE872009F4964 /* CustomCollectionViewCell.xib */; };
		FA6C0D64282EBB910052543F /* Friend.swift in Sources */ = {isa = PBXBuildFile; fileRef = FA6C0D63282EBB910052543F /* Friend.swift */; };
		FA6C0D66282EBB9F0052543F /* Group.swift in Sources */ = {isa = PBXBuildFile; fileRef = FA6C0D65282EBB9F0052543F /* Group.swift */; };
		FA6C0D6A282EC5110052543F /* CustomTableViewCell.swift in Sources */ = {isa = PBXBuildFile; fileRef = FA6C0D68282EC5110052543F /* CustomTableViewCell.swift */; };
		FA6C0D6B282EC5110052543F /* CustomTableViewCell.xib in Resources */ = {isa = PBXBuildFile; fileRef = FA6C0D69282EC5110052543F /* CustomTableViewCell.xib */; };
		FA98377A282FF40B00EBA4FF /* ExtentionPhotoCollectionVC.swift in Sources */ = {isa = PBXBuildFile; fileRef = FA983779282FF40B00EBA4FF /* ExtentionPhotoCollectionVC.swift */; };
		FAC376F3281FEFA10086732E /* AppDelegate.swift in Sources */ = {isa = PBXBuildFile; fileRef = FAC376F2281FEFA10086732E /* AppDelegate.swift */; };
		FAC376F5281FEFA10086732E /* SceneDelegate.swift in Sources */ = {isa = PBXBuildFile; fileRef = FAC376F4281FEFA10086732E /* SceneDelegate.swift */; };
		FAC376F7281FEFA10086732E /* LoginViewController.swift in Sources */ = {isa = PBXBuildFile; fileRef = FAC376F6281FEFA10086732E /* LoginViewController.swift */; };
		FAC376FA281FEFA10086732E /* Main.storyboard in Resources */ = {isa = PBXBuildFile; fileRef = FAC376F8281FEFA10086732E /* Main.storyboard */; };
		FAC376FC281FEFA30086732E /* Assets.xcassets in Resources */ = {isa = PBXBuildFile; fileRef = FAC376FB281FEFA30086732E /* Assets.xcassets */; };
		FAC376FF281FEFA30086732E /* LaunchScreen.storyboard in Resources */ = {isa = PBXBuildFile; fileRef = FAC376FD281FEFA30086732E /* LaunchScreen.storyboard */; };
		FACEE1F2283AAF2F00B2D9BA /* NewsViewController.swift in Sources */ = {isa = PBXBuildFile; fileRef = FACEE1F1283AAF2F00B2D9BA /* NewsViewController.swift */; };
		FACEE1F5283AAF7300B2D9BA /* NewsTableViewCell.swift in Sources */ = {isa = PBXBuildFile; fileRef = FACEE1F3283AAF7300B2D9BA /* NewsTableViewCell.swift */; };
		FACEE1F6283AAF7300B2D9BA /* NewsTableViewCell.xib in Resources */ = {isa = PBXBuildFile; fileRef = FACEE1F4283AAF7300B2D9BA /* NewsTableViewCell.xib */; };
		FAD094072858AA4B0092AF1C /* WKViewController.swift in Sources */ = {isa = PBXBuildFile; fileRef = FAD094062858AA4B0092AF1C /* WKViewController.swift */; };
		FADB266128427BA500528D3F /* FullScreenVC.swift in Sources */ = {isa = PBXBuildFile; fileRef = FADB266028427BA500528D3F /* FullScreenVC.swift */; };
		FADDC9E928565E19005DFF3A /* Session.swift in Sources */ = {isa = PBXBuildFile; fileRef = FADDC9E828565E19005DFF3A /* Session.swift */; };
		FAEC2426284D1A360020BF2B /* PushAnimator.swift in Sources */ = {isa = PBXBuildFile; fileRef = FAEC2425284D1A360020BF2B /* PushAnimator.swift */; };
		FAEC2428284D1F490020BF2B /* PopAnimator.swift in Sources */ = {isa = PBXBuildFile; fileRef = FAEC2427284D1F490020BF2B /* PopAnimator.swift */; };
		FAEC242A284D22AC0020BF2B /* CustomNavigationController.swift in Sources */ = {isa = PBXBuildFile; fileRef = FAEC2429284D22AC0020BF2B /* CustomNavigationController.swift */; };
		FAED84172832BD7A00219792 /* LikeCounterView.swift in Sources */ = {isa = PBXBuildFile; fileRef = FAED84162832BD7A00219792 /* LikeCounterView.swift */; };
		FAED84192832BD9500219792 /* LikeCounterView.xib in Resources */ = {isa = PBXBuildFile; fileRef = FAED84182832BD9500219792 /* LikeCounterView.xib */; };
		FAED841C283380B700219792 /* CanvasViewController.swift in Sources */ = {isa = PBXBuildFile; fileRef = FAED841B283380B700219792 /* CanvasViewController.swift */; };
		FAED841F2833819100219792 /* DrawingControl.swift in Sources */ = {isa = PBXBuildFile; fileRef = FAED841E2833819100219792 /* DrawingControl.swift */; };
/* End PBXBuildFile section */

/* Begin PBXFileReference section */
		3DE0B8B3C3A6B93B7F306D98 /* Pods-MinionTeam.debug.xcconfig */ = {isa = PBXFileReference; includeInIndex = 1; lastKnownFileType = text.xcconfig; name = "Pods-MinionTeam.debug.xcconfig"; path = "Target Support Files/Pods-MinionTeam/Pods-MinionTeam.debug.xcconfig"; sourceTree = "<group>"; };
		9E846DB87AF0A291C770B98A /* Pods_MinionTeam.framework */ = {isa = PBXFileReference; explicitFileType = wrapper.framework; includeInIndex = 0; path = Pods_MinionTeam.framework; sourceTree = BUILT_PRODUCTS_DIR; };
		D7A19DDAAB43EEEAA2B7FF13 /* Pods-MinionTeam.release.xcconfig */ = {isa = PBXFileReference; includeInIndex = 1; lastKnownFileType = text.xcconfig; name = "Pods-MinionTeam.release.xcconfig"; path = "Target Support Files/Pods-MinionTeam/Pods-MinionTeam.release.xcconfig"; sourceTree = "<group>"; };
		FA12DC7C28227D26003C612B /* FriendsTableViewController.swift */ = {isa = PBXFileReference; lastKnownFileType = sourcecode.swift; path = FriendsTableViewController.swift; sourceTree = "<group>"; };
		FA12DC7E28227DD1003C612B /* PhotoCollectionViewController.swift */ = {isa = PBXFileReference; lastKnownFileType = sourcecode.swift; path = PhotoCollectionViewController.swift; sourceTree = "<group>"; };
		FA12DC8028227E52003C612B /* MyGroupsTableViewController.swift */ = {isa = PBXFileReference; lastKnownFileType = sourcecode.swift; path = MyGroupsTableViewController.swift; sourceTree = "<group>"; };
		FA12DC8228227E75003C612B /* MoreGroupsTableViewController.swift */ = {isa = PBXFileReference; lastKnownFileType = sourcecode.swift; path = MoreGroupsTableViewController.swift; sourceTree = "<group>"; };
		FA2CD166285B5F16005FE96A /* ServiceVK.swift */ = {isa = PBXFileReference; lastKnownFileType = sourcecode.swift; path = ServiceVK.swift; sourceTree = "<group>"; };
		FA2DDDF7282FE872009F4964 /* CustomCollectionViewCell.swift */ = {isa = PBXFileReference; lastKnownFileType = sourcecode.swift; path = CustomCollectionViewCell.swift; sourceTree = "<group>"; };
		FA2DDDF8282FE872009F4964 /* CustomCollectionViewCell.xib */ = {isa = PBXFileReference; lastKnownFileType = file.xib; path = CustomCollectionViewCell.xib; sourceTree = "<group>"; };
		FA6C0D63282EBB910052543F /* Friend.swift */ = {isa = PBXFileReference; lastKnownFileType = sourcecode.swift; path = Friend.swift; sourceTree = "<group>"; };
		FA6C0D65282EBB9F0052543F /* Group.swift */ = {isa = PBXFileReference; lastKnownFileType = sourcecode.swift; path = Group.swift; sourceTree = "<group>"; };
		FA6C0D68282EC5110052543F /* CustomTableViewCell.swift */ = {isa = PBXFileReference; lastKnownFileType = sourcecode.swift; path = CustomTableViewCell.swift; sourceTree = "<group>"; };
		FA6C0D69282EC5110052543F /* CustomTableViewCell.xib */ = {isa = PBXFileReference; lastKnownFileType = file.xib; path = CustomTableViewCell.xib; sourceTree = "<group>"; };
		FA983779282FF40B00EBA4FF /* ExtentionPhotoCollectionVC.swift */ = {isa = PBXFileReference; lastKnownFileType = sourcecode.swift; path = ExtentionPhotoCollectionVC.swift; sourceTree = "<group>"; };
		FAC376EF281FEFA10086732E /* MinionTeam.app */ = {isa = PBXFileReference; explicitFileType = wrapper.application; includeInIndex = 0; path = MinionTeam.app; sourceTree = BUILT_PRODUCTS_DIR; };
		FAC376F2281FEFA10086732E /* AppDelegate.swift */ = {isa = PBXFileReference; lastKnownFileType = sourcecode.swift; path = AppDelegate.swift; sourceTree = "<group>"; };
		FAC376F4281FEFA10086732E /* SceneDelegate.swift */ = {isa = PBXFileReference; lastKnownFileType = sourcecode.swift; path = SceneDelegate.swift; sourceTree = "<group>"; };
		FAC376F6281FEFA10086732E /* LoginViewController.swift */ = {isa = PBXFileReference; lastKnownFileType = sourcecode.swift; path = LoginViewController.swift; sourceTree = "<group>"; };
		FAC376F9281FEFA10086732E /* Base */ = {isa = PBXFileReference; lastKnownFileType = file.storyboard; name = Base; path = Base.lproj/Main.storyboard; sourceTree = "<group>"; };
		FAC376FB281FEFA30086732E /* Assets.xcassets */ = {isa = PBXFileReference; lastKnownFileType = folder.assetcatalog; path = Assets.xcassets; sourceTree = "<group>"; };
		FAC376FE281FEFA30086732E /* Base */ = {isa = PBXFileReference; lastKnownFileType = file.storyboard; name = Base; path = Base.lproj/LaunchScreen.storyboard; sourceTree = "<group>"; };
		FAC37700281FEFA30086732E /* Info.plist */ = {isa = PBXFileReference; lastKnownFileType = text.plist.xml; path = Info.plist; sourceTree = "<group>"; };
		FACEE1F1283AAF2F00B2D9BA /* NewsViewController.swift */ = {isa = PBXFileReference; lastKnownFileType = sourcecode.swift; path = NewsViewController.swift; sourceTree = "<group>"; };
		FACEE1F3283AAF7300B2D9BA /* NewsTableViewCell.swift */ = {isa = PBXFileReference; lastKnownFileType = sourcecode.swift; path = NewsTableViewCell.swift; sourceTree = "<group>"; };
		FACEE1F4283AAF7300B2D9BA /* NewsTableViewCell.xib */ = {isa = PBXFileReference; lastKnownFileType = file.xib; path = NewsTableViewCell.xib; sourceTree = "<group>"; };
		FAD094062858AA4B0092AF1C /* WKViewController.swift */ = {isa = PBXFileReference; lastKnownFileType = sourcecode.swift; path = WKViewController.swift; sourceTree = "<group>"; };
		FADB266028427BA500528D3F /* FullScreenVC.swift */ = {isa = PBXFileReference; lastKnownFileType = sourcecode.swift; path = FullScreenVC.swift; sourceTree = "<group>"; };
		FADDC9E828565E19005DFF3A /* Session.swift */ = {isa = PBXFileReference; lastKnownFileType = sourcecode.swift; path = Session.swift; sourceTree = "<group>"; };
		FAEC2425284D1A360020BF2B /* PushAnimator.swift */ = {isa = PBXFileReference; lastKnownFileType = sourcecode.swift; path = PushAnimator.swift; sourceTree = "<group>"; };
		FAEC2427284D1F490020BF2B /* PopAnimator.swift */ = {isa = PBXFileReference; lastKnownFileType = sourcecode.swift; path = PopAnimator.swift; sourceTree = "<group>"; };
		FAEC2429284D22AC0020BF2B /* CustomNavigationController.swift */ = {isa = PBXFileReference; lastKnownFileType = sourcecode.swift; path = CustomNavigationController.swift; sourceTree = "<group>"; };
		FAED84162832BD7A00219792 /* LikeCounterView.swift */ = {isa = PBXFileReference; lastKnownFileType = sourcecode.swift; path = LikeCounterView.swift; sourceTree = "<group>"; };
		FAED84182832BD9500219792 /* LikeCounterView.xib */ = {isa = PBXFileReference; lastKnownFileType = file.xib; path = LikeCounterView.xib; sourceTree = "<group>"; };
		FAED841B283380B700219792 /* CanvasViewController.swift */ = {isa = PBXFileReference; lastKnownFileType = sourcecode.swift; path = CanvasViewController.swift; sourceTree = "<group>"; };
		FAED841E2833819100219792 /* DrawingControl.swift */ = {isa = PBXFileReference; lastKnownFileType = sourcecode.swift; path = DrawingControl.swift; sourceTree = "<group>"; };
/* End PBXFileReference section */

/* Begin PBXFrameworksBuildPhase section */
		FAC376EC281FEFA10086732E /* Frameworks */ = {
			isa = PBXFrameworksBuildPhase;
			buildActionMask = 2147483647;
			files = (
				3FB841273FFE09DC52F124C0 /* Pods_MinionTeam.framework in Frameworks */,
			);
			runOnlyForDeploymentPostprocessing = 0;
		};
/* End PBXFrameworksBuildPhase section */

/* Begin PBXGroup section */
		6E38FC4DB7EA941CFC437452 /* Frameworks */ = {
			isa = PBXGroup;
			children = (
				9E846DB87AF0A291C770B98A /* Pods_MinionTeam.framework */,
			);
			name = Frameworks;
			sourceTree = "<group>";
		};
		80CE9A12B7823A5A302C631D /* Pods */ = {
			isa = PBXGroup;
			children = (
				3DE0B8B3C3A6B93B7F306D98 /* Pods-MinionTeam.debug.xcconfig */,
				D7A19DDAAB43EEEAA2B7FF13 /* Pods-MinionTeam.release.xcconfig */,
			);
			path = Pods;
			sourceTree = "<group>";
		};
		FA6C0D61282EBB300052543F /* Model */ = {
			isa = PBXGroup;
			children = (
				FADDC9E828565E19005DFF3A /* Session.swift */,
				FA2CD166285B5F16005FE96A /* ServiceVK.swift */,
				FA6C0D63282EBB910052543F /* Friend.swift */,
				FA6C0D65282EBB9F0052543F /* Group.swift */,
			);
			path = Model;
			sourceTree = "<group>";
		};
		FA6C0D62282EBB4B0052543F /* Controllers */ = {
			isa = PBXGroup;
			children = (
				FAEC2429284D22AC0020BF2B /* CustomNavigationController.swift */,
				FAD094062858AA4B0092AF1C /* WKViewController.swift */,
				FAC376F6281FEFA10086732E /* LoginViewController.swift */,
				FA12DC7C28227D26003C612B /* FriendsTableViewController.swift */,
				FA98377B282FF42700EBA4FF /* PhotoCollection */,
				FA12DC8028227E52003C612B /* MyGroupsTableViewController.swift */,
				FA12DC8228227E75003C612B /* MoreGroupsTableViewController.swift */,
				FACEE1F1283AAF2F00B2D9BA /* NewsViewController.swift */,
			);
			path = Controllers;
			sourceTree = "<group>";
		};
		FA6C0D67282EBBB90052543F /* Cells */ = {
			isa = PBXGroup;
			children = (
				FA6C0D68282EC5110052543F /* CustomTableViewCell.swift */,
				FA6C0D69282EC5110052543F /* CustomTableViewCell.xib */,
				FA2DDDF7282FE872009F4964 /* CustomCollectionViewCell.swift */,
				FA2DDDF8282FE872009F4964 /* CustomCollectionViewCell.xib */,
				FACEE1F3283AAF7300B2D9BA /* NewsTableViewCell.swift */,
				FACEE1F4283AAF7300B2D9BA /* NewsTableViewCell.xib */,
			);
			path = Cells;
			sourceTree = "<group>";
		};
		FA98377B282FF42700EBA4FF /* PhotoCollection */ = {
			isa = PBXGroup;
			children = (
				FA12DC7E28227DD1003C612B /* PhotoCollectionViewController.swift */,
				FA983779282FF40B00EBA4FF /* ExtentionPhotoCollectionVC.swift */,
				FADB266028427BA500528D3F /* FullScreenVC.swift */,
			);
			path = PhotoCollection;
			sourceTree = "<group>";
		};
		FAC376E6281FEFA10086732E = {
			isa = PBXGroup;
			children = (
				FAC376F1281FEFA10086732E /* MinionTeam */,
				FAC376F0281FEFA10086732E /* Products */,
				80CE9A12B7823A5A302C631D /* Pods */,
				6E38FC4DB7EA941CFC437452 /* Frameworks */,
			);
			sourceTree = "<group>";
		};
		FAC376F0281FEFA10086732E /* Products */ = {
			isa = PBXGroup;
			children = (
				FAC376EF281FEFA10086732E /* MinionTeam.app */,
			);
			name = Products;
			sourceTree = "<group>";
		};
		FAC376F1281FEFA10086732E /* MinionTeam */ = {
			isa = PBXGroup;
			children = (
				FADDC9EA28565E40005DFF3A /* Animators */,
				FA6C0D61282EBB300052543F /* Model */,
				FA6C0D67282EBBB90052543F /* Cells */,
				FA6C0D62282EBB4B0052543F /* Controllers */,
				FAC376F8281FEFA10086732E /* Main.storyboard */,
				FAC376FD281FEFA30086732E /* LaunchScreen.storyboard */,
				FAC376FB281FEFA30086732E /* Assets.xcassets */,
				FAC376F2281FEFA10086732E /* AppDelegate.swift */,
				FAC376F4281FEFA10086732E /* SceneDelegate.swift */,
				FAC37700281FEFA30086732E /* Info.plist */,
				FAED841A2832BDA000219792 /* LikeCounter */,
				FAED841D2833813700219792 /* Drawing */,
			);
			path = MinionTeam;
			sourceTree = "<group>";
		};
		FADDC9EA28565E40005DFF3A /* Animators */ = {
			isa = PBXGroup;
			children = (
				FAEC2425284D1A360020BF2B /* PushAnimator.swift */,
				FAEC2427284D1F490020BF2B /* PopAnimator.swift */,
			);
			path = Animators;
			sourceTree = "<group>";
		};
		FAED841A2832BDA000219792 /* LikeCounter */ = {
			isa = PBXGroup;
			children = (
				FAED84162832BD7A00219792 /* LikeCounterView.swift */,
				FAED84182832BD9500219792 /* LikeCounterView.xib */,
			);
			path = LikeCounter;
			sourceTree = "<group>";
		};
		FAED841D2833813700219792 /* Drawing */ = {
			isa = PBXGroup;
			children = (
				FAED841B283380B700219792 /* CanvasViewController.swift */,
				FAED841E2833819100219792 /* DrawingControl.swift */,
			);
			path = Drawing;
			sourceTree = "<group>";
		};
/* End PBXGroup section */

/* Begin PBXNativeTarget section */
		FAC376EE281FEFA10086732E /* MinionTeam */ = {
			isa = PBXNativeTarget;
			buildConfigurationList = FAC37703281FEFA30086732E /* Build configuration list for PBXNativeTarget "MinionTeam" */;
			buildPhases = (
				42FAF1F23E4D188207DD4203 /* [CP] Check Pods Manifest.lock */,
				FAC376EB281FEFA10086732E /* Sources */,
				FAC376EC281FEFA10086732E /* Frameworks */,
				FAC376ED281FEFA10086732E /* Resources */,
				93DFFEAC2C796AF9E414D00A /* [CP] Embed Pods Frameworks */,
			);
			buildRules = (
			);
			dependencies = (
			);
			name = MinionTeam;
			productName = MinionTeam;
			productReference = FAC376EF281FEFA10086732E /* MinionTeam.app */;
			productType = "com.apple.product-type.application";
		};
/* End PBXNativeTarget section */

/* Begin PBXProject section */
		FAC376E7281FEFA10086732E /* Project object */ = {
			isa = PBXProject;
			attributes = {
				BuildIndependentTargetsInParallel = 1;
				LastSwiftUpdateCheck = 1330;
				LastUpgradeCheck = 1330;
				TargetAttributes = {
					FAC376EE281FEFA10086732E = {
						CreatedOnToolsVersion = 13.3.1;
					};
				};
			};
			buildConfigurationList = FAC376EA281FEFA10086732E /* Build configuration list for PBXProject "MinionTeam" */;
			compatibilityVersion = "Xcode 13.0";
			developmentRegion = en;
			hasScannedForEncodings = 0;
			knownRegions = (
				en,
				Base,
			);
			mainGroup = FAC376E6281FEFA10086732E;
			productRefGroup = FAC376F0281FEFA10086732E /* Products */;
			projectDirPath = "";
			projectRoot = "";
			targets = (
				FAC376EE281FEFA10086732E /* MinionTeam */,
			);
		};
/* End PBXProject section */

/* Begin PBXResourcesBuildPhase section */
		FAC376ED281FEFA10086732E /* Resources */ = {
			isa = PBXResourcesBuildPhase;
			buildActionMask = 2147483647;
			files = (
				FAED84192832BD9500219792 /* LikeCounterView.xib in Resources */,
				FAC376FF281FEFA30086732E /* LaunchScreen.storyboard in Resources */,
				FAC376FC281FEFA30086732E /* Assets.xcassets in Resources */,
				FACEE1F6283AAF7300B2D9BA /* NewsTableViewCell.xib in Resources */,
				FA6C0D6B282EC5110052543F /* CustomTableViewCell.xib in Resources */,
				FA2DDDFA282FE872009F4964 /* CustomCollectionViewCell.xib in Resources */,
				FAC376FA281FEFA10086732E /* Main.storyboard in Resources */,
			);
			runOnlyForDeploymentPostprocessing = 0;
		};
/* End PBXResourcesBuildPhase section */

/* Begin PBXShellScriptBuildPhase section */
		42FAF1F23E4D188207DD4203 /* [CP] Check Pods Manifest.lock */ = {
			isa = PBXShellScriptBuildPhase;
			buildActionMask = 2147483647;
			files = (
			);
			inputFileListPaths = (
			);
			inputPaths = (
				"${PODS_PODFILE_DIR_PATH}/Podfile.lock",
				"${PODS_ROOT}/Manifest.lock",
			);
			name = "[CP] Check Pods Manifest.lock";
			outputFileListPaths = (
			);
			outputPaths = (
				"$(DERIVED_FILE_DIR)/Pods-MinionTeam-checkManifestLockResult.txt",
			);
			runOnlyForDeploymentPostprocessing = 0;
			shellPath = /bin/sh;
			shellScript = "diff \"${PODS_PODFILE_DIR_PATH}/Podfile.lock\" \"${PODS_ROOT}/Manifest.lock\" > /dev/null\nif [ $? != 0 ] ; then\n    # print error to STDERR\n    echo \"error: The sandbox is not in sync with the Podfile.lock. Run 'pod install' or update your CocoaPods installation.\" >&2\n    exit 1\nfi\n# This output is used by Xcode 'outputs' to avoid re-running this script phase.\necho \"SUCCESS\" > \"${SCRIPT_OUTPUT_FILE_0}\"\n";
			showEnvVarsInLog = 0;
		};
		93DFFEAC2C796AF9E414D00A /* [CP] Embed Pods Frameworks */ = {
			isa = PBXShellScriptBuildPhase;
			buildActionMask = 2147483647;
			files = (
			);
			inputFileListPaths = (
				"${PODS_ROOT}/Target Support Files/Pods-MinionTeam/Pods-MinionTeam-frameworks-${CONFIGURATION}-input-files.xcfilelist",
			);
			name = "[CP] Embed Pods Frameworks";
			outputFileListPaths = (
				"${PODS_ROOT}/Target Support Files/Pods-MinionTeam/Pods-MinionTeam-frameworks-${CONFIGURATION}-output-files.xcfilelist",
			);
			runOnlyForDeploymentPostprocessing = 0;
			shellPath = /bin/sh;
			shellScript = "\"${PODS_ROOT}/Target Support Files/Pods-MinionTeam/Pods-MinionTeam-frameworks.sh\"\n";
			showEnvVarsInLog = 0;
		};
/* End PBXShellScriptBuildPhase section */

/* Begin PBXSourcesBuildPhase section */
		FAC376EB281FEFA10086732E /* Sources */ = {
			isa = PBXSourcesBuildPhase;
			buildActionMask = 2147483647;
			files = (
				FA6C0D66282EBB9F0052543F /* Group.swift in Sources */,
				FA12DC7F28227DD1003C612B /* PhotoCollectionViewController.swift in Sources */,
				FA12DC8128227E52003C612B /* MyGroupsTableViewController.swift in Sources */,
				FAEC2426284D1A360020BF2B /* PushAnimator.swift in Sources */,
				FA2CD167285B5F16005FE96A /* ServiceVK.swift in Sources */,
				FAED84172832BD7A00219792 /* LikeCounterView.swift in Sources */,
				FAD094072858AA4B0092AF1C /* WKViewController.swift in Sources */,
				FAC376F7281FEFA10086732E /* LoginViewController.swift in Sources */,
				FAEC242A284D22AC0020BF2B /* CustomNavigationController.swift in Sources */,
				FA12DC8328227E75003C612B /* MoreGroupsTableViewController.swift in Sources */,
				FAC376F3281FEFA10086732E /* AppDelegate.swift in Sources */,
				FA6C0D6A282EC5110052543F /* CustomTableViewCell.swift in Sources */,
				FA2DDDF9282FE872009F4964 /* CustomCollectionViewCell.swift in Sources */,
				FA12DC7D28227D26003C612B /* FriendsTableViewController.swift in Sources */,
				FAC376F5281FEFA10086732E /* SceneDelegate.swift in Sources */,
				FA98377A282FF40B00EBA4FF /* ExtentionPhotoCollectionVC.swift in Sources */,
				FAED841F2833819100219792 /* DrawingControl.swift in Sources */,
				FAEC2428284D1F490020BF2B /* PopAnimator.swift in Sources */,
				FADB266128427BA500528D3F /* FullScreenVC.swift in Sources */,
				FAED841C283380B700219792 /* CanvasViewController.swift in Sources */,
				FADDC9E928565E19005DFF3A /* Session.swift in Sources */,
				FACEE1F5283AAF7300B2D9BA /* NewsTableViewCell.swift in Sources */,
				FA6C0D64282EBB910052543F /* Friend.swift in Sources */,
				FACEE1F2283AAF2F00B2D9BA /* NewsViewController.swift in Sources */,
			);
			runOnlyForDeploymentPostprocessing = 0;
		};
/* End PBXSourcesBuildPhase section */

/* Begin PBXVariantGroup section */
		FAC376F8281FEFA10086732E /* Main.storyboard */ = {
			isa = PBXVariantGroup;
			children = (
				FAC376F9281FEFA10086732E /* Base */,
			);
			name = Main.storyboard;
			sourceTree = "<group>";
		};
		FAC376FD281FEFA30086732E /* LaunchScreen.storyboard */ = {
			isa = PBXVariantGroup;
			children = (
				FAC376FE281FEFA30086732E /* Base */,
			);
			name = LaunchScreen.storyboard;
			sourceTree = "<group>";
		};
/* End PBXVariantGroup section */

/* Begin XCBuildConfiguration section */
		FAC37701281FEFA30086732E /* Debug */ = {
			isa = XCBuildConfiguration;
			buildSettings = {
				ALWAYS_SEARCH_USER_PATHS = NO;
				CLANG_ANALYZER_NONNULL = YES;
				CLANG_ANALYZER_NUMBER_OBJECT_CONVERSION = YES_AGGRESSIVE;
				CLANG_CXX_LANGUAGE_STANDARD = "gnu++17";
				CLANG_ENABLE_MODULES = YES;
				CLANG_ENABLE_OBJC_ARC = YES;
				CLANG_ENABLE_OBJC_WEAK = YES;
				CLANG_WARN_BLOCK_CAPTURE_AUTORELEASING = YES;
				CLANG_WARN_BOOL_CONVERSION = YES;
				CLANG_WARN_COMMA = YES;
				CLANG_WARN_CONSTANT_CONVERSION = YES;
				CLANG_WARN_DEPRECATED_OBJC_IMPLEMENTATIONS = YES;
				CLANG_WARN_DIRECT_OBJC_ISA_USAGE = YES_ERROR;
				CLANG_WARN_DOCUMENTATION_COMMENTS = YES;
				CLANG_WARN_EMPTY_BODY = YES;
				CLANG_WARN_ENUM_CONVERSION = YES;
				CLANG_WARN_INFINITE_RECURSION = YES;
				CLANG_WARN_INT_CONVERSION = YES;
				CLANG_WARN_NON_LITERAL_NULL_CONVERSION = YES;
				CLANG_WARN_OBJC_IMPLICIT_RETAIN_SELF = YES;
				CLANG_WARN_OBJC_LITERAL_CONVERSION = YES;
				CLANG_WARN_OBJC_ROOT_CLASS = YES_ERROR;
				CLANG_WARN_QUOTED_INCLUDE_IN_FRAMEWORK_HEADER = YES;
				CLANG_WARN_RANGE_LOOP_ANALYSIS = YES;
				CLANG_WARN_STRICT_PROTOTYPES = YES;
				CLANG_WARN_SUSPICIOUS_MOVE = YES;
				CLANG_WARN_UNGUARDED_AVAILABILITY = YES_AGGRESSIVE;
				CLANG_WARN_UNREACHABLE_CODE = YES;
				CLANG_WARN__DUPLICATE_METHOD_MATCH = YES;
				COPY_PHASE_STRIP = NO;
				DEBUG_INFORMATION_FORMAT = dwarf;
				ENABLE_STRICT_OBJC_MSGSEND = YES;
				ENABLE_TESTABILITY = YES;
				GCC_C_LANGUAGE_STANDARD = gnu11;
				GCC_DYNAMIC_NO_PIC = NO;
				GCC_NO_COMMON_BLOCKS = YES;
				GCC_OPTIMIZATION_LEVEL = 0;
				GCC_PREPROCESSOR_DEFINITIONS = (
					"DEBUG=1",
					"$(inherited)",
				);
				GCC_WARN_64_TO_32_BIT_CONVERSION = YES;
				GCC_WARN_ABOUT_RETURN_TYPE = YES_ERROR;
				GCC_WARN_UNDECLARED_SELECTOR = YES;
				GCC_WARN_UNINITIALIZED_AUTOS = YES_AGGRESSIVE;
				GCC_WARN_UNUSED_FUNCTION = YES;
				GCC_WARN_UNUSED_VARIABLE = YES;
				IPHONEOS_DEPLOYMENT_TARGET = 15.4;
				MTL_ENABLE_DEBUG_INFO = INCLUDE_SOURCE;
				MTL_FAST_MATH = YES;
				ONLY_ACTIVE_ARCH = YES;
				SDKROOT = iphoneos;
				SWIFT_ACTIVE_COMPILATION_CONDITIONS = DEBUG;
				SWIFT_OPTIMIZATION_LEVEL = "-Onone";
			};
			name = Debug;
		};
		FAC37702281FEFA30086732E /* Release */ = {
			isa = XCBuildConfiguration;
			buildSettings = {
				ALWAYS_SEARCH_USER_PATHS = NO;
				CLANG_ANALYZER_NONNULL = YES;
				CLANG_ANALYZER_NUMBER_OBJECT_CONVERSION = YES_AGGRESSIVE;
				CLANG_CXX_LANGUAGE_STANDARD = "gnu++17";
				CLANG_ENABLE_MODULES = YES;
				CLANG_ENABLE_OBJC_ARC = YES;
				CLANG_ENABLE_OBJC_WEAK = YES;
				CLANG_WARN_BLOCK_CAPTURE_AUTORELEASING = YES;
				CLANG_WARN_BOOL_CONVERSION = YES;
				CLANG_WARN_COMMA = YES;
				CLANG_WARN_CONSTANT_CONVERSION = YES;
				CLANG_WARN_DEPRECATED_OBJC_IMPLEMENTATIONS = YES;
				CLANG_WARN_DIRECT_OBJC_ISA_USAGE = YES_ERROR;
				CLANG_WARN_DOCUMENTATION_COMMENTS = YES;
				CLANG_WARN_EMPTY_BODY = YES;
				CLANG_WARN_ENUM_CONVERSION = YES;
				CLANG_WARN_INFINITE_RECURSION = YES;
				CLANG_WARN_INT_CONVERSION = YES;
				CLANG_WARN_NON_LITERAL_NULL_CONVERSION = YES;
				CLANG_WARN_OBJC_IMPLICIT_RETAIN_SELF = YES;
				CLANG_WARN_OBJC_LITERAL_CONVERSION = YES;
				CLANG_WARN_OBJC_ROOT_CLASS = YES_ERROR;
				CLANG_WARN_QUOTED_INCLUDE_IN_FRAMEWORK_HEADER = YES;
				CLANG_WARN_RANGE_LOOP_ANALYSIS = YES;
				CLANG_WARN_STRICT_PROTOTYPES = YES;
				CLANG_WARN_SUSPICIOUS_MOVE = YES;
				CLANG_WARN_UNGUARDED_AVAILABILITY = YES_AGGRESSIVE;
				CLANG_WARN_UNREACHABLE_CODE = YES;
				CLANG_WARN__DUPLICATE_METHOD_MATCH = YES;
				COPY_PHASE_STRIP = NO;
				DEBUG_INFORMATION_FORMAT = "dwarf-with-dsym";
				ENABLE_NS_ASSERTIONS = NO;
				ENABLE_STRICT_OBJC_MSGSEND = YES;
				GCC_C_LANGUAGE_STANDARD = gnu11;
				GCC_NO_COMMON_BLOCKS = YES;
				GCC_WARN_64_TO_32_BIT_CONVERSION = YES;
				GCC_WARN_ABOUT_RETURN_TYPE = YES_ERROR;
				GCC_WARN_UNDECLARED_SELECTOR = YES;
				GCC_WARN_UNINITIALIZED_AUTOS = YES_AGGRESSIVE;
				GCC_WARN_UNUSED_FUNCTION = YES;
				GCC_WARN_UNUSED_VARIABLE = YES;
				IPHONEOS_DEPLOYMENT_TARGET = 15.4;
				MTL_ENABLE_DEBUG_INFO = NO;
				MTL_FAST_MATH = YES;
				SDKROOT = iphoneos;
				SWIFT_COMPILATION_MODE = wholemodule;
				SWIFT_OPTIMIZATION_LEVEL = "-O";
				VALIDATE_PRODUCT = YES;
			};
			name = Release;
		};
		FAC37704281FEFA30086732E /* Debug */ = {
			isa = XCBuildConfiguration;
			baseConfigurationReference = 3DE0B8B3C3A6B93B7F306D98 /* Pods-MinionTeam.debug.xcconfig */;
			buildSettings = {
				ASSETCATALOG_COMPILER_APPICON_NAME = AppIcon;
				ASSETCATALOG_COMPILER_GLOBAL_ACCENT_COLOR_NAME = AccentColor;
				CODE_SIGN_STYLE = Automatic;
				CURRENT_PROJECT_VERSION = 1;
				DEVELOPMENT_TEAM = 37K9385CG8;
				GENERATE_INFOPLIST_FILE = YES;
				INFOPLIST_FILE = MinionTeam/Info.plist;
				INFOPLIST_KEY_CFBundleDisplayName = MiniOnly;
				INFOPLIST_KEY_UIApplicationSupportsIndirectInputEvents = YES;
				INFOPLIST_KEY_UILaunchStoryboardName = LaunchScreen;
				INFOPLIST_KEY_UIMainStoryboardFile = Main;
				INFOPLIST_KEY_UISupportedInterfaceOrientations_iPad = "UIInterfaceOrientationPortrait UIInterfaceOrientationPortraitUpsideDown UIInterfaceOrientationLandscapeLeft UIInterfaceOrientationLandscapeRight";
				INFOPLIST_KEY_UISupportedInterfaceOrientations_iPhone = "UIInterfaceOrientationPortrait UIInterfaceOrientationLandscapeLeft UIInterfaceOrientationLandscapeRight";
				IPHONEOS_DEPLOYMENT_TARGET = 15.4;
				LD_RUNPATH_SEARCH_PATHS = (
					"$(inherited)",
					"@executable_path/Frameworks",
				);
				MARKETING_VERSION = 1.0;
				PRODUCT_BUNDLE_IDENTIFIER = GB.MinionTeam;
				PRODUCT_NAME = "$(TARGET_NAME)";
				SWIFT_EMIT_LOC_STRINGS = YES;
				SWIFT_VERSION = 5.0;
				TARGETED_DEVICE_FAMILY = "1,2";
			};
			name = Debug;
		};
		FAC37705281FEFA30086732E /* Release */ = {
			isa = XCBuildConfiguration;
			baseConfigurationReference = D7A19DDAAB43EEEAA2B7FF13 /* Pods-MinionTeam.release.xcconfig */;
			buildSettings = {
				ASSETCATALOG_COMPILER_APPICON_NAME = AppIcon;
				ASSETCATALOG_COMPILER_GLOBAL_ACCENT_COLOR_NAME = AccentColor;
				CODE_SIGN_STYLE = Automatic;
				CURRENT_PROJECT_VERSION = 1;
				DEVELOPMENT_TEAM = 37K9385CG8;
				GENERATE_INFOPLIST_FILE = YES;
				INFOPLIST_FILE = MinionTeam/Info.plist;
				INFOPLIST_KEY_CFBundleDisplayName = MiniOnly;
				INFOPLIST_KEY_UIApplicationSupportsIndirectInputEvents = YES;
				INFOPLIST_KEY_UILaunchStoryboardName = LaunchScreen;
				INFOPLIST_KEY_UIMainStoryboardFile = Main;
				INFOPLIST_KEY_UISupportedInterfaceOrientations_iPad = "UIInterfaceOrientationPortrait UIInterfaceOrientationPortraitUpsideDown UIInterfaceOrientationLandscapeLeft UIInterfaceOrientationLandscapeRight";
				INFOPLIST_KEY_UISupportedInterfaceOrientations_iPhone = "UIInterfaceOrientationPortrait UIInterfaceOrientationLandscapeLeft UIInterfaceOrientationLandscapeRight";
				IPHONEOS_DEPLOYMENT_TARGET = 15.4;
				LD_RUNPATH_SEARCH_PATHS = (
					"$(inherited)",
					"@executable_path/Frameworks",
				);
				MARKETING_VERSION = 1.0;
				PRODUCT_BUNDLE_IDENTIFIER = GB.MinionTeam;
				PRODUCT_NAME = "$(TARGET_NAME)";
				SWIFT_EMIT_LOC_STRINGS = YES;
				SWIFT_VERSION = 5.0;
				TARGETED_DEVICE_FAMILY = "1,2";
			};
			name = Release;
		};
/* End XCBuildConfiguration section */

/* Begin XCConfigurationList section */
		FAC376EA281FEFA10086732E /* Build configuration list for PBXProject "MinionTeam" */ = {
			isa = XCConfigurationList;
			buildConfigurations = (
				FAC37701281FEFA30086732E /* Debug */,
				FAC37702281FEFA30086732E /* Release */,
			);
			defaultConfigurationIsVisible = 0;
			defaultConfigurationName = Release;
		};
		FAC37703281FEFA30086732E /* Build configuration list for PBXNativeTarget "MinionTeam" */ = {
			isa = XCConfigurationList;
			buildConfigurations = (
				FAC37704281FEFA30086732E /* Debug */,
				FAC37705281FEFA30086732E /* Release */,
			);
			defaultConfigurationIsVisible = 0;
			defaultConfigurationName = Release;
		};
/* End XCConfigurationList section */
	};
	rootObject = FAC376E7281FEFA10086732E /* Project object */;
}
